
Microsoft Visual Studio Solution File, Format Version 12.00
# Visual Studio 2013
VisualStudioVersion = 12.0.31101.0
MinimumVisualStudioVersion = 10.0.40219.1
Project("{CC5FD16D-436D-48AD-A40C-5A424C6E3E79}") = "OpeartionsOnExcel", "OpeartionsOnExcel\OpeartionsOnExcel.ccproj", "{8B69DEBA-84B8-4D21-8A27-B783FAA222CE}"
EndProject
Project("{FAE04EC0-301F-11D3-BF4B-00C04F79EFBC}") = "WebRole1", "WebRole1\WebRole1.csproj", "{E14CCB2C-1324-4C7A-8349-F56EC16A9A58}"
EndProject
Global
	GlobalSection(SolutionConfigurationPlatforms) = preSolution
		Debug|Any CPU = Debug|Any CPU
		Release|Any CPU = Release|Any CPU
	EndGlobalSection
	GlobalSection(ProjectConfigurationPlatforms) = postSolution
		{8B69DEBA-84B8-4D21-8A27-B783FAA222CE}.Debug|Any CPU.ActiveCfg = Debug|Any CPU
		{8B69DEBA-84B8-4D21-8A27-B783FAA222CE}.Debug|Any CPU.Build.0 = Debug|Any CPU
		{8B69DEBA-84B8-4D21-8A27-B783FAA222CE}.Release|Any CPU.ActiveCfg = Release|Any CPU
		{8B69DEBA-84B8-4D21-8A27-B783FAA222CE}.Release|Any CPU.Build.0 = Release|Any CPU
		{E14CCB2C-1324-4C7A-8349-F56EC16A9A58}.Debug|Any CPU.ActiveCfg = Debug|Any CPU
		{E14CCB2C-1324-4C7A-8349-F56EC16A9A58}.Debug|Any CPU.Build.0 = Debug|Any CPU
		{E14CCB2C-1324-4C7A-8349-F56EC16A9A58}.Release|Any CPU.ActiveCfg = Release|Any CPU
		{E14CCB2C-1324-4C7A-8349-F56EC16A9A58}.Release|Any CPU.Build.0 = Release|Any CPU
	EndGlobalSection
	GlobalSection(SolutionProperties) = preSolution
		HideSolutionNode = FALSE
	EndGlobalSection
EndGlobal
